
Microsoft Visual Studio Solution File, Format Version 12.00
# Visual Studio 15
VisualStudioVersion = 15.0.27004.2005
MinimumVisualStudioVersion = 10.0.40219.1
Project("{8BC9CEB8-8B4A-11D0-8D11-00A0C91BC942}") = "Observer", "Observer\Observer.vcxproj", "{B1071DB8-B5D2-4268-B3C1-46247359F2F3}"
EndProject
Global
	GlobalSection(SolutionConfigurationPlatforms) = preSolution
		Debug|x64 = Debug|x64
		Debug|x86 = Debug|x86
		Release|x64 = Release|x64
		Release|x86 = Release|x86
	EndGlobalSection
	GlobalSection(ProjectConfigurationPlatforms) = postSolution
		{B1071DB8-B5D2-4268-B3C1-46247359F2F3}.Debug|x64.ActiveCfg = Debug|x64
		{B1071DB8-B5D2-4268-B3C1-46247359F2F3}.Debug|x64.Build.0 = Debug|x64
		{B1071DB8-B5D2-4268-B3C1-46247359F2F3}.Debug|x86.ActiveCfg = Debug|Win32
		{B1071DB8-B5D2-4268-B3C1-46247359F2F3}.Debug|x86.Build.0 = Debug|Win32
		{B1071DB8-B5D2-4268-B3C1-46247359F2F3}.Release|x64.ActiveCfg = Release|x64
		{B1071DB8-B5D2-4268-B3C1-46247359F2F3}.Release|x64.Build.0 = Release|x64
		{B1071DB8-B5D2-4268-B3C1-46247359F2F3}.Release|x86.ActiveCfg = Release|Win32
		{B1071DB8-B5D2-4268-B3C1-46247359F2F3}.Release|x86.Build.0 = Release|Win32
	EndGlobalSection
	GlobalSection(SolutionProperties) = preSolution
		HideSolutionNode = FALSE
	EndGlobalSection
	GlobalSection(ExtensibilityGlobals) = postSolution
		SolutionGuid = {0EA103AE-5E7B-4092-8A24-1D46D5B25348}
	EndGlobalSection
EndGlobal
